
Microsoft Visual Studio Solution File, Format Version 10.00
# Visual Studio 2008
Project("{FAE04EC0-301F-11D3-BF4B-00C04F79EFBC}") = "T4CssWeb", "T4CssWeb\T4CssWeb.csproj", "{9E6CF849-146B-4338-9FC1-2BAA6576B0BA}"
EndProject
Project("{2150E333-8FDC-42A3-9474-1A3956D46DE8}") = "lib", "lib", "{CB4AA2D7-A52B-4A21-A1EF-A8BB445E66FB}"
	ProjectSection(SolutionItems) = preProject
		.Less-License.txt = .Less-License.txt
		dotless.Core.dll = dotless.Core.dll
	EndProjectSection
EndProject
Global
	GlobalSection(SolutionConfigurationPlatforms) = preSolution
		Debug|Any CPU = Debug|Any CPU
		Release|Any CPU = Release|Any CPU
	EndGlobalSection
	GlobalSection(ProjectConfigurationPlatforms) = postSolution
		{9E6CF849-146B-4338-9FC1-2BAA6576B0BA}.Debug|Any CPU.ActiveCfg = Debug|Any CPU
		{9E6CF849-146B-4338-9FC1-2BAA6576B0BA}.Debug|Any CPU.Build.0 = Debug|Any CPU
		{9E6CF849-146B-4338-9FC1-2BAA6576B0BA}.Release|Any CPU.ActiveCfg = Release|Any CPU
		{9E6CF849-146B-4338-9FC1-2BAA6576B0BA}.Release|Any CPU.Build.0 = Release|Any CPU
	EndGlobalSection
	GlobalSection(SolutionProperties) = preSolution
		HideSolutionNode = FALSE
	EndGlobalSection
EndGlobal
