
Microsoft Visual Studio Solution File, Format Version 10.00
# Visual Studio 2008
Project("{FAE04EC0-301F-11D3-BF4B-00C04F79EFBC}") = "dotless.Core", "dotless.Core\dotless.Core.csproj", "{D7A24E58-68D0-4B10-A324-EA33C822FA56}"
EndProject
Project("{FAE04EC0-301F-11D3-BF4B-00C04F79EFBC}") = "dotless.Test", "dotless.Test\dotless.Test.csproj", "{D5D40B22-0A71-4D0F-B389-8C31730EE318}"
EndProject
Project("{FAE04EC0-301F-11D3-BF4B-00C04F79EFBC}") = "dotless.GrammarGen", "dotless.GrammarGen\dotless.GrammarGen.csproj", "{EF6F2A49-2D25-4B72-92FA-ACEB3907C12E}"
EndProject
Project("{2150E333-8FDC-42A3-9474-1A3956D46DE8}") = "Tools", "Tools", "{8C63225A-FFD5-43BC-B18C-A2E27D037D81}"
EndProject
Project("{FAE04EC0-301F-11D3-BF4B-00C04F79EFBC}") = "dotless.SampleWeb", "dotless.SampleWeb\dotless.SampleWeb.csproj", "{10A490E0-9199-4C12-970F-FAEC765F5967}"
EndProject
Project("{2150E333-8FDC-42A3-9474-1A3956D46DE8}") = "Solution Items", "Solution Items", "{6CC48544-7A6A-4EB8-9F2D-B92CFC042E59}"
EndProject
Project("{FAE04EC0-301F-11D3-BF4B-00C04F79EFBC}") = "dotless.Compiler", "dotless.Compiler\dotless.Compiler.csproj", "{D0CE2A3A-5086-494A-A967-5D54B41BBC64}"
EndProject
Global
	GlobalSection(SolutionConfigurationPlatforms) = preSolution
		Debug|Any CPU = Debug|Any CPU
		Release|Any CPU = Release|Any CPU
	EndGlobalSection
	GlobalSection(ProjectConfigurationPlatforms) = postSolution
		{D7A24E58-68D0-4B10-A324-EA33C822FA56}.Debug|Any CPU.ActiveCfg = Debug|Any CPU
		{D7A24E58-68D0-4B10-A324-EA33C822FA56}.Debug|Any CPU.Build.0 = Debug|Any CPU
		{D7A24E58-68D0-4B10-A324-EA33C822FA56}.Release|Any CPU.ActiveCfg = Release|Any CPU
		{D7A24E58-68D0-4B10-A324-EA33C822FA56}.Release|Any CPU.Build.0 = Release|Any CPU
		{D5D40B22-0A71-4D0F-B389-8C31730EE318}.Debug|Any CPU.ActiveCfg = Debug|Any CPU
		{D5D40B22-0A71-4D0F-B389-8C31730EE318}.Debug|Any CPU.Build.0 = Debug|Any CPU
		{D5D40B22-0A71-4D0F-B389-8C31730EE318}.Release|Any CPU.ActiveCfg = Release|Any CPU
		{D5D40B22-0A71-4D0F-B389-8C31730EE318}.Release|Any CPU.Build.0 = Release|Any CPU
		{EF6F2A49-2D25-4B72-92FA-ACEB3907C12E}.Debug|Any CPU.ActiveCfg = Debug|Any CPU
		{EF6F2A49-2D25-4B72-92FA-ACEB3907C12E}.Debug|Any CPU.Build.0 = Debug|Any CPU
		{EF6F2A49-2D25-4B72-92FA-ACEB3907C12E}.Release|Any CPU.ActiveCfg = Release|Any CPU
		{EF6F2A49-2D25-4B72-92FA-ACEB3907C12E}.Release|Any CPU.Build.0 = Release|Any CPU
		{10A490E0-9199-4C12-970F-FAEC765F5967}.Debug|Any CPU.ActiveCfg = Debug|Any CPU
		{10A490E0-9199-4C12-970F-FAEC765F5967}.Debug|Any CPU.Build.0 = Debug|Any CPU
		{10A490E0-9199-4C12-970F-FAEC765F5967}.Release|Any CPU.ActiveCfg = Release|Any CPU
		{10A490E0-9199-4C12-970F-FAEC765F5967}.Release|Any CPU.Build.0 = Release|Any CPU
		{D0CE2A3A-5086-494A-A967-5D54B41BBC64}.Debug|Any CPU.ActiveCfg = Debug|Any CPU
		{D0CE2A3A-5086-494A-A967-5D54B41BBC64}.Debug|Any CPU.Build.0 = Debug|Any CPU
		{D0CE2A3A-5086-494A-A967-5D54B41BBC64}.Release|Any CPU.ActiveCfg = Release|Any CPU
		{D0CE2A3A-5086-494A-A967-5D54B41BBC64}.Release|Any CPU.Build.0 = Release|Any CPU
	EndGlobalSection
	GlobalSection(SolutionProperties) = preSolution
		HideSolutionNode = FALSE
	EndGlobalSection
	GlobalSection(NestedProjects) = preSolution
		{EF6F2A49-2D25-4B72-92FA-ACEB3907C12E} = {8C63225A-FFD5-43BC-B18C-A2E27D037D81}
	EndGlobalSection
EndGlobal
